
Microsoft Visual Studio Solution File, Format Version 12.00
# Visual Studio Version 17
VisualStudioVersion = 17.11.35222.181
MinimumVisualStudioVersion = 10.0.40219.1
Project("{FAE04EC0-301F-11D3-BF4B-00C04F79EFBC}") = "WinterWork__BeautySalon", "WinterWork__BeautySalon.csproj", "{65AF289C-A65F-47AF-9614-73E0E56AAB43}"
EndProject
Project("{FAE04EC0-301F-11D3-BF4B-00C04F79EFBC}") = "BeautySalonLib", "BeautySalonLib\BeautySalonLib.csproj", "{0A2D4FCA-908C-4CCE-8D1A-9EBADE179DE7}"
EndProject
Global
	GlobalSection(SolutionConfigurationPlatforms) = preSolution
		Debug|Any CPU = Debug|Any CPU
		Release|Any CPU = Release|Any CPU
	EndGlobalSection
	GlobalSection(ProjectConfigurationPlatforms) = postSolution
		{65AF289C-A65F-47AF-9614-73E0E56AAB43}.Debug|Any CPU.ActiveCfg = Debug|Any CPU
		{65AF289C-A65F-47AF-9614-73E0E56AAB43}.Debug|Any CPU.Build.0 = Debug|Any CPU
		{65AF289C-A65F-47AF-9614-73E0E56AAB43}.Release|Any CPU.ActiveCfg = Release|Any CPU
		{65AF289C-A65F-47AF-9614-73E0E56AAB43}.Release|Any CPU.Build.0 = Release|Any CPU
		{0A2D4FCA-908C-4CCE-8D1A-9EBADE179DE7}.Debug|Any CPU.ActiveCfg = Debug|Any CPU
		{0A2D4FCA-908C-4CCE-8D1A-9EBADE179DE7}.Debug|Any CPU.Build.0 = Debug|Any CPU
		{0A2D4FCA-908C-4CCE-8D1A-9EBADE179DE7}.Release|Any CPU.ActiveCfg = Release|Any CPU
		{0A2D4FCA-908C-4CCE-8D1A-9EBADE179DE7}.Release|Any CPU.Build.0 = Release|Any CPU
	EndGlobalSection
	GlobalSection(SolutionProperties) = preSolution
		HideSolutionNode = FALSE
	EndGlobalSection
	GlobalSection(ExtensibilityGlobals) = postSolution
		SolutionGuid = {2578B903-8F11-428C-859B-C8CC809BC0FE}
	EndGlobalSection
EndGlobal
